{
    "hash": "7a42986a91fbb0e2b43d3439018bd86c",
    "packages": [
        {
            "name": "react/event-loop",
            "version": "dev-master",
            "target-dir": "React/EventLoop",
            "source": {
                "type": "git",
                "url": "https://github.com/reactphp/event-loop",
                "reference": "v0.2.2"
            },
            "dist": {
                "type": "zip",
                "url": "https://github.com/reactphp/event-loop/zipball/v0.2.2",
                "reference": "v0.2.2",
                "shasum": ""
            },
            "require": {
                "php": ">=5.3.3"
            },
            "suggest": {
                "ext-libevent": ">=0.0.5"
            },
            "time": "1347281602",
            "type": "library",
            "extra": {
                "branch-alias": [

    ]
            },
            "installation-source": "source",
            "autoload": {
                "psr-0": {
                    "React\\EventLoop": ""
                }
            },
            "license": [
                "MIT"
            ],
            "description": "Event loop abstraction layer that libraries can use for evented I/O.",
            "keywords": [
                "event-loop"
            ]
        }
    ],
    "packages-dev": null,
    "aliases": [

    ],
    "minimum-stability": "stable",
    "stability-flags": {
        "react/event-loop": 20
    }
}
